// !$*UTF8*$!
{
	archiveVersion = 1;
	classes = {
	};
	objectVersion = 51;
	objects = {

/* Begin PBXBuildFile section */
		3605987823D70B47001091FD /* loginViewController.swift in Sources */ = {isa = PBXBuildFile; fileRef = 3605987723D70B47001091FD /* loginViewController.swift */; };
		362C8D5D23D831E100983EA6 /* GoogleService-Info.plist in Resources */ = {isa = PBXBuildFile; fileRef = 362C8D5C23D831E100983EA6 /* GoogleService-Info.plist */; };
		362C8D5F23D83A8400983EA6 /* registerViewController.swift in Sources */ = {isa = PBXBuildFile; fileRef = 362C8D5E23D83A8400983EA6 /* registerViewController.swift */; };
		3680674923D0CC540060BF71 /* AppDelegate.swift in Sources */ = {isa = PBXBuildFile; fileRef = 3680674823D0CC540060BF71 /* AppDelegate.swift */; };
		3680674B23D0CC540060BF71 /* SceneDelegate.swift in Sources */ = {isa = PBXBuildFile; fileRef = 3680674A23D0CC540060BF71 /* SceneDelegate.swift */; };
		3680675023D0CC540060BF71 /* Main.storyboard in Resources */ = {isa = PBXBuildFile; fileRef = 3680674E23D0CC540060BF71 /* Main.storyboard */; };
		3680675223D0CC570060BF71 /* Assets.xcassets in Resources */ = {isa = PBXBuildFile; fileRef = 3680675123D0CC570060BF71 /* Assets.xcassets */; };
		3680675523D0CC570060BF71 /* LaunchScreen.storyboard in Resources */ = {isa = PBXBuildFile; fileRef = 3680675323D0CC570060BF71 /* LaunchScreen.storyboard */; };
		3680675D23D0DF380060BF71 /* image in Resources */ = {isa = PBXBuildFile; fileRef = 3680675C23D0DF380060BF71 /* image */; };
		3680676623D109D90060BF71 /* class_obj.swift in Sources */ = {isa = PBXBuildFile; fileRef = 3680676523D109D90060BF71 /* class_obj.swift */; };
		3680676A23D133500060BF71 /* ViewController.swift in Sources */ = {isa = PBXBuildFile; fileRef = 3680676923D133500060BF71 /* ViewController.swift */; };
		3680676C23D133630060BF71 /* billViewController.swift in Sources */ = {isa = PBXBuildFile; fileRef = 3680676B23D133630060BF71 /* billViewController.swift */; };
		3680676E23D134A60060BF71 /* billTableViewCell.swift in Sources */ = {isa = PBXBuildFile; fileRef = 3680676D23D134A60060BF71 /* billTableViewCell.swift */; };
		3680677023D145210060BF71 /* addBillViewController.swift in Sources */ = {isa = PBXBuildFile; fileRef = 3680676F23D145210060BF71 /* addBillViewController.swift */; };
		3680677223D152DF0060BF71 /* newbillTableViewCell.swift in Sources */ = {isa = PBXBuildFile; fileRef = 3680677123D152DF0060BF71 /* newbillTableViewCell.swift */; };
		36F7481E23D6215F0063F55F /* billDetailViewController.swift in Sources */ = {isa = PBXBuildFile; fileRef = 36F7481D23D6215F0063F55F /* billDetailViewController.swift */; };
		36F7482023D62AB90063F55F /* billDetailTableViewCell.swift in Sources */ = {isa = PBXBuildFile; fileRef = 36F7481F23D62AB90063F55F /* billDetailTableViewCell.swift */; };
		5795B38F81D6C3DB7566C5ED /* Pods_ManagementBill.framework in Frameworks */ = {isa = PBXBuildFile; fileRef = 36899410C5BBF2CBCAE2D254 /* Pods_ManagementBill.framework */; };
/* End PBXBuildFile section */

/* Begin PBXFileReference section */
		3605987723D70B47001091FD /* loginViewController.swift */ = {isa = PBXFileReference; lastKnownFileType = sourcecode.swift; path = loginViewController.swift; sourceTree = "<group>"; };
		362C8D5C23D831E100983EA6 /* GoogleService-Info.plist */ = {isa = PBXFileReference; fileEncoding = 4; lastKnownFileType = text.plist.xml; path = "GoogleService-Info.plist"; sourceTree = "<group>"; };
		362C8D5E23D83A8400983EA6 /* registerViewController.swift */ = {isa = PBXFileReference; lastKnownFileType = sourcecode.swift; path = registerViewController.swift; sourceTree = "<group>"; };
		3680674523D0CC540060BF71 /* ManagementBill.app */ = {isa = PBXFileReference; explicitFileType = wrapper.application; includeInIndex = 0; path = ManagementBill.app; sourceTree = BUILT_PRODUCTS_DIR; };
		3680674823D0CC540060BF71 /* AppDelegate.swift */ = {isa = PBXFileReference; lastKnownFileType = sourcecode.swift; path = AppDelegate.swift; sourceTree = "<group>"; };
		3680674A23D0CC540060BF71 /* SceneDelegate.swift */ = {isa = PBXFileReference; lastKnownFileType = sourcecode.swift; path = SceneDelegate.swift; sourceTree = "<group>"; };
		3680674F23D0CC540060BF71 /* Base */ = {isa = PBXFileReference; lastKnownFileType = file.storyboard; name = Base; path = Base.lproj/Main.storyboard; sourceTree = "<group>"; };
		3680675123D0CC570060BF71 /* Assets.xcassets */ = {isa = PBXFileReference; lastKnownFileType = folder.assetcatalog; path = Assets.xcassets; sourceTree = "<group>"; };
		3680675423D0CC570060BF71 /* Base */ = {isa = PBXFileReference; lastKnownFileType = file.storyboard; name = Base; path = Base.lproj/LaunchScreen.storyboard; sourceTree = "<group>"; };
		3680675623D0CC570060BF71 /* Info.plist */ = {isa = PBXFileReference; lastKnownFileType = text.plist.xml; path = Info.plist; sourceTree = "<group>"; };
		3680675C23D0DF380060BF71 /* image */ = {isa = PBXFileReference; lastKnownFileType = folder; path = image; sourceTree = "<group>"; };
		3680676523D109D90060BF71 /* class_obj.swift */ = {isa = PBXFileReference; lastKnownFileType = sourcecode.swift; path = class_obj.swift; sourceTree = "<group>"; };
		3680676923D133500060BF71 /* ViewController.swift */ = {isa = PBXFileReference; fileEncoding = 4; lastKnownFileType = sourcecode.swift; path = ViewController.swift; sourceTree = "<group>"; };
		3680676B23D133630060BF71 /* billViewController.swift */ = {isa = PBXFileReference; fileEncoding = 4; lastKnownFileType = sourcecode.swift; path = billViewController.swift; sourceTree = "<group>"; };
		3680676D23D134A60060BF71 /* billTableViewCell.swift */ = {isa = PBXFileReference; lastKnownFileType = sourcecode.swift; path = billTableViewCell.swift; sourceTree = "<group>"; };
		3680676F23D145210060BF71 /* addBillViewController.swift */ = {isa = PBXFileReference; lastKnownFileType = sourcecode.swift; path = addBillViewController.swift; sourceTree = "<group>"; };
		3680677123D152DF0060BF71 /* newbillTableViewCell.swift */ = {isa = PBXFileReference; lastKnownFileType = sourcecode.swift; path = newbillTableViewCell.swift; sourceTree = "<group>"; };
		36899410C5BBF2CBCAE2D254 /* Pods_ManagementBill.framework */ = {isa = PBXFileReference; explicitFileType = wrapper.framework; includeInIndex = 0; path = Pods_ManagementBill.framework; sourceTree = BUILT_PRODUCTS_DIR; };
		36F7481D23D6215F0063F55F /* billDetailViewController.swift */ = {isa = PBXFileReference; lastKnownFileType = sourcecode.swift; path = billDetailViewController.swift; sourceTree = "<group>"; };
		36F7481F23D62AB90063F55F /* billDetailTableViewCell.swift */ = {isa = PBXFileReference; lastKnownFileType = sourcecode.swift; path = billDetailTableViewCell.swift; sourceTree = "<group>"; };
		5FDB2B90892427A193C909A5 /* Pods-ManagementBill.debug.xcconfig */ = {isa = PBXFileReference; includeInIndex = 1; lastKnownFileType = text.xcconfig; name = "Pods-ManagementBill.debug.xcconfig"; path = "Target Support Files/Pods-ManagementBill/Pods-ManagementBill.debug.xcconfig"; sourceTree = "<group>"; };
		F6CDE13B7AA65B00903954C4 /* Pods-ManagementBill.release.xcconfig */ = {isa = PBXFileReference; includeInIndex = 1; lastKnownFileType = text.xcconfig; name = "Pods-ManagementBill.release.xcconfig"; path = "Target Support Files/Pods-ManagementBill/Pods-ManagementBill.release.xcconfig"; sourceTree = "<group>"; };
/* End PBXFileReference section */

/* Begin PBXFrameworksBuildPhase section */
		3680674223D0CC540060BF71 /* Frameworks */ = {
			isa = PBXFrameworksBuildPhase;
			buildActionMask = 2147483647;
			files = (
				5795B38F81D6C3DB7566C5ED /* Pods_ManagementBill.framework in Frameworks */,
			);
			runOnlyForDeploymentPostprocessing = 0;
		};
/* End PBXFrameworksBuildPhase section */

/* Begin PBXGroup section */
		21D4622BD0CE4C191F805CDB /* Frameworks */ = {
			isa = PBXGroup;
			children = (
				36899410C5BBF2CBCAE2D254 /* Pods_ManagementBill.framework */,
			);
			name = Frameworks;
			sourceTree = "<group>";
		};
		3680673C23D0CC540060BF71 = {
			isa = PBXGroup;
			children = (
				3680676523D109D90060BF71 /* class_obj.swift */,
				362C8D5C23D831E100983EA6 /* GoogleService-Info.plist */,
				3680675C23D0DF380060BF71 /* image */,
				3680674723D0CC540060BF71 /* ManagementBill */,
				3680674623D0CC540060BF71 /* Products */,
				7BCC47C284383E324C2831A8 /* Pods */,
				21D4622BD0CE4C191F805CDB /* Frameworks */,
			);
			sourceTree = "<group>";
		};
		3680674623D0CC540060BF71 /* Products */ = {
			isa = PBXGroup;
			children = (
				3680674523D0CC540060BF71 /* ManagementBill.app */,
			);
			name = Products;
			sourceTree = "<group>";
		};
		3680674723D0CC540060BF71 /* ManagementBill */ = {
			isa = PBXGroup;
			children = (
				3680674823D0CC540060BF71 /* AppDelegate.swift */,
				3680674A23D0CC540060BF71 /* SceneDelegate.swift */,
				36F7481D23D6215F0063F55F /* billDetailViewController.swift */,
				36F7481F23D62AB90063F55F /* billDetailTableViewCell.swift */,
				3680677123D152DF0060BF71 /* newbillTableViewCell.swift */,
				3680676F23D145210060BF71 /* addBillViewController.swift */,
				3680676923D133500060BF71 /* ViewController.swift */,
				3680676D23D134A60060BF71 /* billTableViewCell.swift */,
				3680676B23D133630060BF71 /* billViewController.swift */,
				3605987723D70B47001091FD /* loginViewController.swift */,
				362C8D5E23D83A8400983EA6 /* registerViewController.swift */,
				3680674E23D0CC540060BF71 /* Main.storyboard */,
				3680675123D0CC570060BF71 /* Assets.xcassets */,
				3680675323D0CC570060BF71 /* LaunchScreen.storyboard */,
				3680675623D0CC570060BF71 /* Info.plist */,
			);
			path = ManagementBill;
			sourceTree = "<group>";
		};
		7BCC47C284383E324C2831A8 /* Pods */ = {
			isa = PBXGroup;
			children = (
				5FDB2B90892427A193C909A5 /* Pods-ManagementBill.debug.xcconfig */,
				F6CDE13B7AA65B00903954C4 /* Pods-ManagementBill.release.xcconfig */,
			);
			path = Pods;
			sourceTree = "<group>";
		};
/* End PBXGroup section */

/* Begin PBXNativeTarget section */
		3680674423D0CC540060BF71 /* ManagementBill */ = {
			isa = PBXNativeTarget;
			buildConfigurationList = 3680675923D0CC570060BF71 /* Build configuration list for PBXNativeTarget "ManagementBill" */;
			buildPhases = (
				7A8E2372F82457DD49EF9ACE /* [CP] Check Pods Manifest.lock */,
				3680674123D0CC540060BF71 /* Sources */,
				3680674223D0CC540060BF71 /* Frameworks */,
				3680674323D0CC540060BF71 /* Resources */,
				82619ED8727B8138B6F569B3 /* [CP] Embed Pods Frameworks */,
			);
			buildRules = (
			);
			dependencies = (
			);
			name = ManagementBill;
			productName = ManagementBill;
			productReference = 3680674523D0CC540060BF71 /* ManagementBill.app */;
			productType = "com.apple.product-type.application";
		};
/* End PBXNativeTarget section */

/* Begin PBXProject section */
		3680673D23D0CC540060BF71 /* Project object */ = {
			isa = PBXProject;
			attributes = {
				LastSwiftUpdateCheck = 1120;
				LastUpgradeCheck = 1120;
				ORGANIZATIONNAME = "Vo Minh Hoang";
				TargetAttributes = {
					3680674423D0CC540060BF71 = {
						CreatedOnToolsVersion = 11.2;
						LastSwiftMigration = 1120;
					};
				};
			};
			buildConfigurationList = 3680674023D0CC540060BF71 /* Build configuration list for PBXProject "ManagementBill" */;
			compatibilityVersion = "Xcode 9.3";
			developmentRegion = en;
			hasScannedForEncodings = 0;
			knownRegions = (
				en,
				Base,
			);
			mainGroup = 3680673C23D0CC540060BF71;
			productRefGroup = 3680674623D0CC540060BF71 /* Products */;
			projectDirPath = "";
			projectRoot = "";
			targets = (
				3680674423D0CC540060BF71 /* ManagementBill */,
			);
		};
/* End PBXProject section */

/* Begin PBXResourcesBuildPhase section */
		3680674323D0CC540060BF71 /* Resources */ = {
			isa = PBXResourcesBuildPhase;
			buildActionMask = 2147483647;
			files = (
				3680675D23D0DF380060BF71 /* image in Resources */,
				3680675523D0CC570060BF71 /* LaunchScreen.storyboard in Resources */,
				362C8D5D23D831E100983EA6 /* GoogleService-Info.plist in Resources */,
				3680675223D0CC570060BF71 /* Assets.xcassets in Resources */,
				3680675023D0CC540060BF71 /* Main.storyboard in Resources */,
			);
			runOnlyForDeploymentPostprocessing = 0;
		};
/* End PBXResourcesBuildPhase section */

/* Begin PBXShellScriptBuildPhase section */
		7A8E2372F82457DD49EF9ACE /* [CP] Check Pods Manifest.lock */ = {
			isa = PBXShellScriptBuildPhase;
			buildActionMask = 2147483647;
			files = (
			);
			inputFileListPaths = (
			);
			inputPaths = (
				"${PODS_PODFILE_DIR_PATH}/Podfile.lock",
				"${PODS_ROOT}/Manifest.lock",
			);
			name = "[CP] Check Pods Manifest.lock";
			outputFileListPaths = (
			);
			outputPaths = (
				"$(DERIVED_FILE_DIR)/Pods-ManagementBill-checkManifestLockResult.txt",
			);
			runOnlyForDeploymentPostprocessing = 0;
			shellPath = /bin/sh;
			shellScript = "diff \"${PODS_PODFILE_DIR_PATH}/Podfile.lock\" \"${PODS_ROOT}/Manifest.lock\" > /dev/null\nif [ $? != 0 ] ; then\n    # print error to STDERR\n    echo \"error: The sandbox is not in sync with the Podfile.lock. Run 'pod install' or update your CocoaPods installation.\" >&2\n    exit 1\nfi\n# This output is used by Xcode 'outputs' to avoid re-running this script phase.\necho \"SUCCESS\" > \"${SCRIPT_OUTPUT_FILE_0}\"\n";
			showEnvVarsInLog = 0;
		};
		82619ED8727B8138B6F569B3 /* [CP] Embed Pods Frameworks */ = {
			isa = PBXShellScriptBuildPhase;
			buildActionMask = 2147483647;
			files = (
			);
			inputFileListPaths = (
				"${PODS_ROOT}/Target Support Files/Pods-ManagementBill/Pods-ManagementBill-frameworks-${CONFIGURATION}-input-files.xcfilelist",
			);
			name = "[CP] Embed Pods Frameworks";
			outputFileListPaths = (
				"${PODS_ROOT}/Target Support Files/Pods-ManagementBill/Pods-ManagementBill-frameworks-${CONFIGURATION}-output-files.xcfilelist",
			);
			runOnlyForDeploymentPostprocessing = 0;
			shellPath = /bin/sh;
			shellScript = "\"${PODS_ROOT}/Target Support Files/Pods-ManagementBill/Pods-ManagementBill-frameworks.sh\"\n";
			showEnvVarsInLog = 0;
		};
/* End PBXShellScriptBuildPhase section */

/* Begin PBXSourcesBuildPhase section */
		3680674123D0CC540060BF71 /* Sources */ = {
			isa = PBXSourcesBuildPhase;
			buildActionMask = 2147483647;
			files = (
				3680676C23D133630060BF71 /* billViewController.swift in Sources */,
				3605987823D70B47001091FD /* loginViewController.swift in Sources */,
				36F7481E23D6215F0063F55F /* billDetailViewController.swift in Sources */,
				362C8D5F23D83A8400983EA6 /* registerViewController.swift in Sources */,
				3680674923D0CC540060BF71 /* AppDelegate.swift in Sources */,
				3680676E23D134A60060BF71 /* billTableViewCell.swift in Sources */,
				3680674B23D0CC540060BF71 /* SceneDelegate.swift in Sources */,
				3680676A23D133500060BF71 /* ViewController.swift in Sources */,
				3680677223D152DF0060BF71 /* newbillTableViewCell.swift in Sources */,
				3680677023D145210060BF71 /* addBillViewController.swift in Sources */,
				3680676623D109D90060BF71 /* class_obj.swift in Sources */,
				36F7482023D62AB90063F55F /* billDetailTableViewCell.swift in Sources */,
			);
			runOnlyForDeploymentPostprocessing = 0;
		};
/* End PBXSourcesBuildPhase section */

/* Begin PBXVariantGroup section */
		3680674E23D0CC540060BF71 /* Main.storyboard */ = {
			isa = PBXVariantGroup;
			children = (
				3680674F23D0CC540060BF71 /* Base */,
			);
			name = Main.storyboard;
			sourceTree = "<group>";
		};
		3680675323D0CC570060BF71 /* LaunchScreen.storyboard */ = {
			isa = PBXVariantGroup;
			children = (
				3680675423D0CC570060BF71 /* Base */,
			);
			name = LaunchScreen.storyboard;
			sourceTree = "<group>";
		};
/* End PBXVariantGroup section */

/* Begin XCBuildConfiguration section */
		3680675723D0CC570060BF71 /* Debug */ = {
			isa = XCBuildConfiguration;
			buildSettings = {
				ALWAYS_SEARCH_USER_PATHS = NO;
				CLANG_ANALYZER_NONNULL = YES;
				CLANG_ANALYZER_NUMBER_OBJECT_CONVERSION = YES_AGGRESSIVE;
				CLANG_CXX_LANGUAGE_STANDARD = "gnu++14";
				CLANG_CXX_LIBRARY = "libc++";
				CLANG_ENABLE_MODULES = YES;
				CLANG_ENABLE_OBJC_ARC = YES;
				CLANG_ENABLE_OBJC_WEAK = YES;
				CLANG_WARN_BLOCK_CAPTURE_AUTORELEASING = YES;
				CLANG_WARN_BOOL_CONVERSION = YES;
				CLANG_WARN_COMMA = YES;
				CLANG_WARN_CONSTANT_CONVERSION = YES;
				CLANG_WARN_DEPRECATED_OBJC_IMPLEMENTATIONS = YES;
				CLANG_WARN_DIRECT_OBJC_ISA_USAGE = YES_ERROR;
				CLANG_WARN_DOCUMENTATION_COMMENTS = YES;
				CLANG_WARN_EMPTY_BODY = YES;
				CLANG_WARN_ENUM_CONVERSION = YES;
				CLANG_WARN_INFINITE_RECURSION = YES;
				CLANG_WARN_INT_CONVERSION = YES;
				CLANG_WARN_NON_LITERAL_NULL_CONVERSION = YES;
				CLANG_WARN_OBJC_IMPLICIT_RETAIN_SELF = YES;
				CLANG_WARN_OBJC_LITERAL_CONVERSION = YES;
				CLANG_WARN_OBJC_ROOT_CLASS = YES_ERROR;
				CLANG_WARN_RANGE_LOOP_ANALYSIS = YES;
				CLANG_WARN_STRICT_PROTOTYPES = YES;
				CLANG_WARN_SUSPICIOUS_MOVE = YES;
				CLANG_WARN_UNGUARDED_AVAILABILITY = YES_AGGRESSIVE;
				CLANG_WARN_UNREACHABLE_CODE = YES;
				CLANG_WARN__DUPLICATE_METHOD_MATCH = YES;
				COPY_PHASE_STRIP = NO;
				DEBUG_INFORMATION_FORMAT = dwarf;
				ENABLE_STRICT_OBJC_MSGSEND = YES;
				ENABLE_TESTABILITY = YES;
				GCC_C_LANGUAGE_STANDARD = gnu11;
				GCC_DYNAMIC_NO_PIC = NO;
				GCC_NO_COMMON_BLOCKS = YES;
				GCC_OPTIMIZATION_LEVEL = 0;
				GCC_PREPROCESSOR_DEFINITIONS = (
					"DEBUG=1",
					"$(inherited)",
				);
				GCC_WARN_64_TO_32_BIT_CONVERSION = YES;
				GCC_WARN_ABOUT_RETURN_TYPE = YES_ERROR;
				GCC_WARN_UNDECLARED_SELECTOR = YES;
				GCC_WARN_UNINITIALIZED_AUTOS = YES_AGGRESSIVE;
				GCC_WARN_UNUSED_FUNCTION = YES;
				GCC_WARN_UNUSED_VARIABLE = YES;
				IPHONEOS_DEPLOYMENT_TARGET = 13.2;
				MTL_ENABLE_DEBUG_INFO = INCLUDE_SOURCE;
				MTL_FAST_MATH = YES;
				ONLY_ACTIVE_ARCH = YES;
				SDKROOT = iphoneos;
				SWIFT_ACTIVE_COMPILATION_CONDITIONS = DEBUG;
				SWIFT_OPTIMIZATION_LEVEL = "-Onone";
			};
			name = Debug;
		};
		3680675823D0CC570060BF71 /* Release */ = {
			isa = XCBuildConfiguration;
			buildSettings = {
				ALWAYS_SEARCH_USER_PATHS = NO;
				CLANG_ANALYZER_NONNULL = YES;
				CLANG_ANALYZER_NUMBER_OBJECT_CONVERSION = YES_AGGRESSIVE;
				CLANG_CXX_LANGUAGE_STANDARD = "gnu++14";
				CLANG_CXX_LIBRARY = "libc++";
				CLANG_ENABLE_MODULES = YES;
				CLANG_ENABLE_OBJC_ARC = YES;
				CLANG_ENABLE_OBJC_WEAK = YES;
				CLANG_WARN_BLOCK_CAPTURE_AUTORELEASING = YES;
				CLANG_WARN_BOOL_CONVERSION = YES;
				CLANG_WARN_COMMA = YES;
				CLANG_WARN_CONSTANT_CONVERSION = YES;
				CLANG_WARN_DEPRECATED_OBJC_IMPLEMENTATIONS = YES;
				CLANG_WARN_DIRECT_OBJC_ISA_USAGE = YES_ERROR;
				CLANG_WARN_DOCUMENTATION_COMMENTS = YES;
				CLANG_WARN_EMPTY_BODY = YES;
				CLANG_WARN_ENUM_CONVERSION = YES;
				CLANG_WARN_INFINITE_RECURSION = YES;
				CLANG_WARN_INT_CONVERSION = YES;
				CLANG_WARN_NON_LITERAL_NULL_CONVERSION = YES;
				CLANG_WARN_OBJC_IMPLICIT_RETAIN_SELF = YES;
				CLANG_WARN_OBJC_LITERAL_CONVERSION = YES;
				CLANG_WARN_OBJC_ROOT_CLASS = YES_ERROR;
				CLANG_WARN_RANGE_LOOP_ANALYSIS = YES;
				CLANG_WARN_STRICT_PROTOTYPES = YES;
				CLANG_WARN_SUSPICIOUS_MOVE = YES;
				CLANG_WARN_UNGUARDED_AVAILABILITY = YES_AGGRESSIVE;
				CLANG_WARN_UNREACHABLE_CODE = YES;
				CLANG_WARN__DUPLICATE_METHOD_MATCH = YES;
				COPY_PHASE_STRIP = NO;
				DEBUG_INFORMATION_FORMAT = "dwarf-with-dsym";
				ENABLE_NS_ASSERTIONS = NO;
				ENABLE_STRICT_OBJC_MSGSEND = YES;
				GCC_C_LANGUAGE_STANDARD = gnu11;
				GCC_NO_COMMON_BLOCKS = YES;
				GCC_WARN_64_TO_32_BIT_CONVERSION = YES;
				GCC_WARN_ABOUT_RETURN_TYPE = YES_ERROR;
				GCC_WARN_UNDECLARED_SELECTOR = YES;
				GCC_WARN_UNINITIALIZED_AUTOS = YES_AGGRESSIVE;
				GCC_WARN_UNUSED_FUNCTION = YES;
				GCC_WARN_UNUSED_VARIABLE = YES;
				IPHONEOS_DEPLOYMENT_TARGET = 13.2;
				MTL_ENABLE_DEBUG_INFO = NO;
				MTL_FAST_MATH = YES;
				SDKROOT = iphoneos;
				SWIFT_COMPILATION_MODE = wholemodule;
				SWIFT_OPTIMIZATION_LEVEL = "-O";
				VALIDATE_PRODUCT = YES;
			};
			name = Release;
		};
		3680675A23D0CC570060BF71 /* Debug */ = {
			isa = XCBuildConfiguration;
			baseConfigurationReference = 5FDB2B90892427A193C909A5 /* Pods-ManagementBill.debug.xcconfig */;
			buildSettings = {
				ASSETCATALOG_COMPILER_APPICON_NAME = AppIcon;
				CLANG_ENABLE_MODULES = YES;
				CODE_SIGN_STYLE = Automatic;
				INFOPLIST_FILE = ManagementBill/Info.plist;
				LD_RUNPATH_SEARCH_PATHS = (
					"$(inherited)",
					"@executable_path/Frameworks",
				);
				PRODUCT_BUNDLE_IDENTIFIER = "-712041.ManagementBill";
				PRODUCT_NAME = "$(TARGET_NAME)";
				SWIFT_OBJC_BRIDGING_HEADER = "ManagementBill/ManagementBill-Bridging-Header.h";
				SWIFT_OPTIMIZATION_LEVEL = "-Onone";
				SWIFT_VERSION = 5.0;
				TARGETED_DEVICE_FAMILY = "1,2";
			};
			name = Debug;
		};
		3680675B23D0CC570060BF71 /* Release */ = {
			isa = XCBuildConfiguration;
			baseConfigurationReference = F6CDE13B7AA65B00903954C4 /* Pods-ManagementBill.release.xcconfig */;
			buildSettings = {
				ASSETCATALOG_COMPILER_APPICON_NAME = AppIcon;
				CLANG_ENABLE_MODULES = YES;
				CODE_SIGN_STYLE = Automatic;
				INFOPLIST_FILE = ManagementBill/Info.plist;
				LD_RUNPATH_SEARCH_PATHS = (
					"$(inherited)",
					"@executable_path/Frameworks",
				);
				PRODUCT_BUNDLE_IDENTIFIER = "-712041.ManagementBill";
				PRODUCT_NAME = "$(TARGET_NAME)";
				SWIFT_OBJC_BRIDGING_HEADER = "ManagementBill/ManagementBill-Bridging-Header.h";
				SWIFT_VERSION = 5.0;
				TARGETED_DEVICE_FAMILY = "1,2";
			};
			name = Release;
		};
/* End XCBuildConfiguration section */

/* Begin XCConfigurationList section */
		3680674023D0CC540060BF71 /* Build configuration list for PBXProject "ManagementBill" */ = {
			isa = XCConfigurationList;
			buildConfigurations = (
				3680675723D0CC570060BF71 /* Debug */,
				3680675823D0CC570060BF71 /* Release */,
			);
			defaultConfigurationIsVisible = 0;
			defaultConfigurationName = Release;
		};
		3680675923D0CC570060BF71 /* Build configuration list for PBXNativeTarget "ManagementBill" */ = {
			isa = XCConfigurationList;
			buildConfigurations = (
				3680675A23D0CC570060BF71 /* Debug */,
				3680675B23D0CC570060BF71 /* Release */,
			);
			defaultConfigurationIsVisible = 0;
			defaultConfigurationName = Release;
		};
/* End XCConfigurationList section */
	};
	rootObject = 3680673D23D0CC540060BF71 /* Project object */;
}
